
Microsoft Visual Studio Solution File, Format Version 12.00
# Visual Studio Version 17
VisualStudioVersion = 17.0.31903.59
MinimumVisualStudioVersion = 10.0.40219.1
Project("{2150E333-8FDC-42A3-9474-1A3956D46DE8}") = "src", "src", "{902AED39-21B8-4DB7-9155-3BA89D6CDD4B}"
EndProject
Project("{FAE04EC0-301F-11D3-BF4B-00C04F79EFBC}") = "AuctionService", "src\AuctionService\AuctionService.csproj", "{5B21079A-7827-40B7-91AA-89FAA51B16A1}"
EndProject
Project("{FAE04EC0-301F-11D3-BF4B-00C04F79EFBC}") = "SearchService", "src\SearchService\SearchService.csproj", "{19F3159F-95FC-4F7B-8B19-BDC43D03C46F}"
EndProject
Project("{FAE04EC0-301F-11D3-BF4B-00C04F79EFBC}") = "Contracts", "src\Contracts\Contracts.csproj", "{0555C04C-BCCC-4407-A306-A6949388FD98}"
EndProject
Project("{FAE04EC0-301F-11D3-BF4B-00C04F79EFBC}") = "IdentityService", "src\IdentityService\IdentityService.csproj", "{B0BB43EB-F5F7-4B8B-89E2-5425E04254E9}"
EndProject
Project("{FAE04EC0-301F-11D3-BF4B-00C04F79EFBC}") = "GatewayService", "src\GatewayService\GatewayService.csproj", "{93B6FDE4-84AC-452B-932C-07C06959EE66}"
EndProject
Project("{FAE04EC0-301F-11D3-BF4B-00C04F79EFBC}") = "BiddingService", "src\BiddingService\BiddingService.csproj", "{B153C831-4F74-475F-9D99-78A7F3D96AE5}"
EndProject
Project("{FAE04EC0-301F-11D3-BF4B-00C04F79EFBC}") = "NotificationService", "src\NotificationService\NotificationService.csproj", "{BB302F7F-9D4F-4163-9D4F-1ECB590A0207}"
EndProject
Global
	GlobalSection(SolutionConfigurationPlatforms) = preSolution
		Debug|Any CPU = Debug|Any CPU
		Debug|x64 = Debug|x64
		Debug|x86 = Debug|x86
		Release|Any CPU = Release|Any CPU
		Release|x64 = Release|x64
		Release|x86 = Release|x86
	EndGlobalSection
	GlobalSection(ProjectConfigurationPlatforms) = postSolution
		{5B21079A-7827-40B7-91AA-89FAA51B16A1}.Debug|Any CPU.ActiveCfg = Debug|Any CPU
		{5B21079A-7827-40B7-91AA-89FAA51B16A1}.Debug|Any CPU.Build.0 = Debug|Any CPU
		{5B21079A-7827-40B7-91AA-89FAA51B16A1}.Debug|x64.ActiveCfg = Debug|Any CPU
		{5B21079A-7827-40B7-91AA-89FAA51B16A1}.Debug|x64.Build.0 = Debug|Any CPU
		{5B21079A-7827-40B7-91AA-89FAA51B16A1}.Debug|x86.ActiveCfg = Debug|Any CPU
		{5B21079A-7827-40B7-91AA-89FAA51B16A1}.Debug|x86.Build.0 = Debug|Any CPU
		{5B21079A-7827-40B7-91AA-89FAA51B16A1}.Release|Any CPU.ActiveCfg = Release|Any CPU
		{5B21079A-7827-40B7-91AA-89FAA51B16A1}.Release|Any CPU.Build.0 = Release|Any CPU
		{5B21079A-7827-40B7-91AA-89FAA51B16A1}.Release|x64.ActiveCfg = Release|Any CPU
		{5B21079A-7827-40B7-91AA-89FAA51B16A1}.Release|x64.Build.0 = Release|Any CPU
		{5B21079A-7827-40B7-91AA-89FAA51B16A1}.Release|x86.ActiveCfg = Release|Any CPU
		{5B21079A-7827-40B7-91AA-89FAA51B16A1}.Release|x86.Build.0 = Release|Any CPU
		{19F3159F-95FC-4F7B-8B19-BDC43D03C46F}.Debug|Any CPU.ActiveCfg = Debug|Any CPU
		{19F3159F-95FC-4F7B-8B19-BDC43D03C46F}.Debug|Any CPU.Build.0 = Debug|Any CPU
		{19F3159F-95FC-4F7B-8B19-BDC43D03C46F}.Debug|x64.ActiveCfg = Debug|Any CPU
		{19F3159F-95FC-4F7B-8B19-BDC43D03C46F}.Debug|x64.Build.0 = Debug|Any CPU
		{19F3159F-95FC-4F7B-8B19-BDC43D03C46F}.Debug|x86.ActiveCfg = Debug|Any CPU
		{19F3159F-95FC-4F7B-8B19-BDC43D03C46F}.Debug|x86.Build.0 = Debug|Any CPU
		{19F3159F-95FC-4F7B-8B19-BDC43D03C46F}.Release|Any CPU.ActiveCfg = Release|Any CPU
		{19F3159F-95FC-4F7B-8B19-BDC43D03C46F}.Release|Any CPU.Build.0 = Release|Any CPU
		{19F3159F-95FC-4F7B-8B19-BDC43D03C46F}.Release|x64.ActiveCfg = Release|Any CPU
		{19F3159F-95FC-4F7B-8B19-BDC43D03C46F}.Release|x64.Build.0 = Release|Any CPU
		{19F3159F-95FC-4F7B-8B19-BDC43D03C46F}.Release|x86.ActiveCfg = Release|Any CPU
		{19F3159F-95FC-4F7B-8B19-BDC43D03C46F}.Release|x86.Build.0 = Release|Any CPU
		{0555C04C-BCCC-4407-A306-A6949388FD98}.Debug|Any CPU.ActiveCfg = Debug|Any CPU
		{0555C04C-BCCC-4407-A306-A6949388FD98}.Debug|Any CPU.Build.0 = Debug|Any CPU
		{0555C04C-BCCC-4407-A306-A6949388FD98}.Debug|x64.ActiveCfg = Debug|Any CPU
		{0555C04C-BCCC-4407-A306-A6949388FD98}.Debug|x64.Build.0 = Debug|Any CPU
		{0555C04C-BCCC-4407-A306-A6949388FD98}.Debug|x86.ActiveCfg = Debug|Any CPU
		{0555C04C-BCCC-4407-A306-A6949388FD98}.Debug|x86.Build.0 = Debug|Any CPU
		{0555C04C-BCCC-4407-A306-A6949388FD98}.Release|Any CPU.ActiveCfg = Release|Any CPU
		{0555C04C-BCCC-4407-A306-A6949388FD98}.Release|Any CPU.Build.0 = Release|Any CPU
		{0555C04C-BCCC-4407-A306-A6949388FD98}.Release|x64.ActiveCfg = Release|Any CPU
		{0555C04C-BCCC-4407-A306-A6949388FD98}.Release|x64.Build.0 = Release|Any CPU
		{0555C04C-BCCC-4407-A306-A6949388FD98}.Release|x86.ActiveCfg = Release|Any CPU
		{0555C04C-BCCC-4407-A306-A6949388FD98}.Release|x86.Build.0 = Release|Any CPU
		{B0BB43EB-F5F7-4B8B-89E2-5425E04254E9}.Debug|Any CPU.ActiveCfg = Debug|Any CPU
		{B0BB43EB-F5F7-4B8B-89E2-5425E04254E9}.Debug|Any CPU.Build.0 = Debug|Any CPU
		{B0BB43EB-F5F7-4B8B-89E2-5425E04254E9}.Debug|x64.ActiveCfg = Debug|Any CPU
		{B0BB43EB-F5F7-4B8B-89E2-5425E04254E9}.Debug|x64.Build.0 = Debug|Any CPU
		{B0BB43EB-F5F7-4B8B-89E2-5425E04254E9}.Debug|x86.ActiveCfg = Debug|Any CPU
		{B0BB43EB-F5F7-4B8B-89E2-5425E04254E9}.Debug|x86.Build.0 = Debug|Any CPU
		{B0BB43EB-F5F7-4B8B-89E2-5425E04254E9}.Release|Any CPU.ActiveCfg = Release|Any CPU
		{B0BB43EB-F5F7-4B8B-89E2-5425E04254E9}.Release|Any CPU.Build.0 = Release|Any CPU
		{B0BB43EB-F5F7-4B8B-89E2-5425E04254E9}.Release|x64.ActiveCfg = Release|Any CPU
		{B0BB43EB-F5F7-4B8B-89E2-5425E04254E9}.Release|x64.Build.0 = Release|Any CPU
		{B0BB43EB-F5F7-4B8B-89E2-5425E04254E9}.Release|x86.ActiveCfg = Release|Any CPU
		{B0BB43EB-F5F7-4B8B-89E2-5425E04254E9}.Release|x86.Build.0 = Release|Any CPU
		{93B6FDE4-84AC-452B-932C-07C06959EE66}.Debug|Any CPU.ActiveCfg = Debug|Any CPU
		{93B6FDE4-84AC-452B-932C-07C06959EE66}.Debug|Any CPU.Build.0 = Debug|Any CPU
		{93B6FDE4-84AC-452B-932C-07C06959EE66}.Debug|x64.ActiveCfg = Debug|Any CPU
		{93B6FDE4-84AC-452B-932C-07C06959EE66}.Debug|x64.Build.0 = Debug|Any CPU
		{93B6FDE4-84AC-452B-932C-07C06959EE66}.Debug|x86.ActiveCfg = Debug|Any CPU
		{93B6FDE4-84AC-452B-932C-07C06959EE66}.Debug|x86.Build.0 = Debug|Any CPU
		{93B6FDE4-84AC-452B-932C-07C06959EE66}.Release|Any CPU.ActiveCfg = Release|Any CPU
		{93B6FDE4-84AC-452B-932C-07C06959EE66}.Release|Any CPU.Build.0 = Release|Any CPU
		{93B6FDE4-84AC-452B-932C-07C06959EE66}.Release|x64.ActiveCfg = Release|Any CPU
		{93B6FDE4-84AC-452B-932C-07C06959EE66}.Release|x64.Build.0 = Release|Any CPU
		{93B6FDE4-84AC-452B-932C-07C06959EE66}.Release|x86.ActiveCfg = Release|Any CPU
		{93B6FDE4-84AC-452B-932C-07C06959EE66}.Release|x86.Build.0 = Release|Any CPU
		{B153C831-4F74-475F-9D99-78A7F3D96AE5}.Debug|Any CPU.ActiveCfg = Debug|Any CPU
		{B153C831-4F74-475F-9D99-78A7F3D96AE5}.Debug|Any CPU.Build.0 = Debug|Any CPU
		{B153C831-4F74-475F-9D99-78A7F3D96AE5}.Debug|x64.ActiveCfg = Debug|Any CPU
		{B153C831-4F74-475F-9D99-78A7F3D96AE5}.Debug|x64.Build.0 = Debug|Any CPU
		{B153C831-4F74-475F-9D99-78A7F3D96AE5}.Debug|x86.ActiveCfg = Debug|Any CPU
		{B153C831-4F74-475F-9D99-78A7F3D96AE5}.Debug|x86.Build.0 = Debug|Any CPU
		{B153C831-4F74-475F-9D99-78A7F3D96AE5}.Release|Any CPU.ActiveCfg = Release|Any CPU
		{B153C831-4F74-475F-9D99-78A7F3D96AE5}.Release|Any CPU.Build.0 = Release|Any CPU
		{B153C831-4F74-475F-9D99-78A7F3D96AE5}.Release|x64.ActiveCfg = Release|Any CPU
		{B153C831-4F74-475F-9D99-78A7F3D96AE5}.Release|x64.Build.0 = Release|Any CPU
		{B153C831-4F74-475F-9D99-78A7F3D96AE5}.Release|x86.ActiveCfg = Release|Any CPU
		{B153C831-4F74-475F-9D99-78A7F3D96AE5}.Release|x86.Build.0 = Release|Any CPU
		{BB302F7F-9D4F-4163-9D4F-1ECB590A0207}.Debug|Any CPU.ActiveCfg = Debug|Any CPU
		{BB302F7F-9D4F-4163-9D4F-1ECB590A0207}.Debug|Any CPU.Build.0 = Debug|Any CPU
		{BB302F7F-9D4F-4163-9D4F-1ECB590A0207}.Debug|x64.ActiveCfg = Debug|Any CPU
		{BB302F7F-9D4F-4163-9D4F-1ECB590A0207}.Debug|x64.Build.0 = Debug|Any CPU
		{BB302F7F-9D4F-4163-9D4F-1ECB590A0207}.Debug|x86.ActiveCfg = Debug|Any CPU
		{BB302F7F-9D4F-4163-9D4F-1ECB590A0207}.Debug|x86.Build.0 = Debug|Any CPU
		{BB302F7F-9D4F-4163-9D4F-1ECB590A0207}.Release|Any CPU.ActiveCfg = Release|Any CPU
		{BB302F7F-9D4F-4163-9D4F-1ECB590A0207}.Release|Any CPU.Build.0 = Release|Any CPU
		{BB302F7F-9D4F-4163-9D4F-1ECB590A0207}.Release|x64.ActiveCfg = Release|Any CPU
		{BB302F7F-9D4F-4163-9D4F-1ECB590A0207}.Release|x64.Build.0 = Release|Any CPU
		{BB302F7F-9D4F-4163-9D4F-1ECB590A0207}.Release|x86.ActiveCfg = Release|Any CPU
		{BB302F7F-9D4F-4163-9D4F-1ECB590A0207}.Release|x86.Build.0 = Release|Any CPU
	EndGlobalSection
	GlobalSection(SolutionProperties) = preSolution
		HideSolutionNode = FALSE
	EndGlobalSection
	GlobalSection(NestedProjects) = preSolution
		{5B21079A-7827-40B7-91AA-89FAA51B16A1} = {902AED39-21B8-4DB7-9155-3BA89D6CDD4B}
		{19F3159F-95FC-4F7B-8B19-BDC43D03C46F} = {902AED39-21B8-4DB7-9155-3BA89D6CDD4B}
		{0555C04C-BCCC-4407-A306-A6949388FD98} = {902AED39-21B8-4DB7-9155-3BA89D6CDD4B}
		{B0BB43EB-F5F7-4B8B-89E2-5425E04254E9} = {902AED39-21B8-4DB7-9155-3BA89D6CDD4B}
		{93B6FDE4-84AC-452B-932C-07C06959EE66} = {902AED39-21B8-4DB7-9155-3BA89D6CDD4B}
		{B153C831-4F74-475F-9D99-78A7F3D96AE5} = {902AED39-21B8-4DB7-9155-3BA89D6CDD4B}
		{BB302F7F-9D4F-4163-9D4F-1ECB590A0207} = {902AED39-21B8-4DB7-9155-3BA89D6CDD4B}
	EndGlobalSection
EndGlobal
